
Microsoft Visual Studio Solution File, Format Version 12.00
# Visual Studio Version 17
VisualStudioVersion = 17.11.35327.3
MinimumVisualStudioVersion = 10.0.40219.1
Project("{FAE04EC0-301F-11D3-BF4B-00C04F79EFBC}") = "Yerger Alexander, Week 4 Project.cs", "Yerger Alexander, Week 4 Project.cs.csproj", "{436F8059-0AE7-47D9-AC81-32A1771AF1F3}"
EndProject
Global
	GlobalSection(SolutionConfigurationPlatforms) = preSolution
		Debug|Any CPU = Debug|Any CPU
		Release|Any CPU = Release|Any CPU
	EndGlobalSection
	GlobalSection(ProjectConfigurationPlatforms) = postSolution
		{436F8059-0AE7-47D9-AC81-32A1771AF1F3}.Debug|Any CPU.ActiveCfg = Debug|Any CPU
		{436F8059-0AE7-47D9-AC81-32A1771AF1F3}.Debug|Any CPU.Build.0 = Debug|Any CPU
		{436F8059-0AE7-47D9-AC81-32A1771AF1F3}.Release|Any CPU.ActiveCfg = Release|Any CPU
		{436F8059-0AE7-47D9-AC81-32A1771AF1F3}.Release|Any CPU.Build.0 = Release|Any CPU
	EndGlobalSection
	GlobalSection(SolutionProperties) = preSolution
		HideSolutionNode = FALSE
	EndGlobalSection
	GlobalSection(ExtensibilityGlobals) = postSolution
		SolutionGuid = {8A888E92-CDD8-4CEE-AF27-813BC3C10687}
	EndGlobalSection
EndGlobal
